# THIS IS AN AUTOGENERATED FILE. DO NOT EDIT THIS FILE DIRECTLY.
# yarn lockfile v1


graceful-fs@^4.1.6:
  version "4.1.11"
  resolved "https://registry.yarnpkg.com/graceful-fs/-/graceful-fs-4.1.11.tgz#0e8bdfe4d1ddb8854d64e04ea7c00e2a026e5658"

jquery-deferred@^0.3.0:
  version "0.3.1"
  resolved "https://registry.yarnpkg.com/jquery-deferred/-/jquery-deferred-0.3.1.tgz#596eca1caaff54f61b110962b23cafea74c35355"

jsonfile@^2.4.0:
  version "2.4.0"
  resolved "https://registry.yarnpkg.com/jsonfile/-/jsonfile-2.4.0.tgz#3736a2b428b87bbda0cc83b53fa3d633a35c2ae8"
  optionalDependencies:
    graceful-fs "^4.1.6"

najax@^1.0.0:
  version "1.0.0"
  resolved "https://registry.yarnpkg.com/najax/-/najax-1.0.0.tgz#76b9e7a63be35a7741a1c5b12ab77b16bfa07252"
  dependencies:
    jquery-deferred "^0.3.0"
    qs "^6.2.0"

qs@^6.2.0:
  version "6.3.0"
  resolved "https://registry.yarnpkg.com/qs/-/qs-6.3.0.tgz#f403b264f23bc01228c74131b407f18d5ea5d442"
