# THIS IS AN AUTOGENERATED FILE. DO NOT EDIT THIS FILE DIRECTLY.
# yarn lockfile v1


encoding@^0.1.11:
  version "0.1.12"
  resolved "https://registry.yarnpkg.com/encoding/-/encoding-0.1.12.tgz#538b66f3ee62cd1ab51ec323829d1f9480c74beb"
  dependencies:
    iconv-lite "~0.4.13"

excel-export@~0.3.11:
  version "0.3.11"
  resolved "https://registry.yarnpkg.com/excel-export/-/excel-export-0.3.11.tgz#6bf6b9d65555ebe3f0daeaa5732f7b69986a7eb4"
  dependencies:
    node-zip "1.x"

graceful-fs@^4.1.6:
  version "4.1.11"
  resolved "https://registry.yarnpkg.com/graceful-fs/-/graceful-fs-4.1.11.tgz#0e8bdfe4d1ddb8854d64e04ea7c00e2a026e5658"

iconv-lite@~0.4.13:
  version "0.4.15"
  resolved "https://registry.yarnpkg.com/iconv-lite/-/iconv-lite-0.4.15.tgz#fe265a218ac6a57cfe854927e9d04c19825eddeb"

is-stream@^1.0.1:
  version "1.1.0"
  resolved "https://registry.yarnpkg.com/is-stream/-/is-stream-1.1.0.tgz#12d4a3dd4e68e0b79ceb8dbc84173ae80d91ca44"

jquery-deferred@^0.3.0:
  version "0.3.1"
  resolved "https://registry.yarnpkg.com/jquery-deferred/-/jquery-deferred-0.3.1.tgz#596eca1caaff54f61b110962b23cafea74c35355"

json2xls@^0.1.2:
  version "0.1.2"
  resolved "https://registry.yarnpkg.com/json2xls/-/json2xls-0.1.2.tgz#37358ed82a8fcaf92bb3b24d8759ac57e394e017"
  dependencies:
    excel-export "~0.3.11"

jsonfile@^2.4.0:
  version "2.4.0"
  resolved "https://registry.yarnpkg.com/jsonfile/-/jsonfile-2.4.0.tgz#3736a2b428b87bbda0cc83b53fa3d633a35c2ae8"
  optionalDependencies:
    graceful-fs "^4.1.6"

jszip@2.5.0:
  version "2.5.0"
  resolved "https://registry.yarnpkg.com/jszip/-/jszip-2.5.0.tgz#7444fd8551ddf3e5da7198fea0c91bc8308cc274"
  dependencies:
    pako "~0.2.5"

lodash@^4.17.4:
  version "4.17.4"
  resolved "https://registry.yarnpkg.com/lodash/-/lodash-4.17.4.tgz#78203a4d1c328ae1d86dca6460e369b57f4055ae"

najax@^1.0.0:
  version "1.0.0"
  resolved "https://registry.yarnpkg.com/najax/-/najax-1.0.0.tgz#76b9e7a63be35a7741a1c5b12ab77b16bfa07252"
  dependencies:
    jquery-deferred "^0.3.0"
    qs "^6.2.0"

node-fetch@^1.6.3:
  version "1.6.3"
  resolved "https://registry.yarnpkg.com/node-fetch/-/node-fetch-1.6.3.tgz#dc234edd6489982d58e8f0db4f695029abcd8c04"
  dependencies:
    encoding "^0.1.11"
    is-stream "^1.0.1"

node-zip@1.x:
  version "1.1.1"
  resolved "https://registry.yarnpkg.com/node-zip/-/node-zip-1.1.1.tgz#94d1ad674a3cd46a1588dd736f4a9a78c757eb62"
  dependencies:
    jszip "2.5.0"

pako@~0.2.5:
  version "0.2.9"
  resolved "https://registry.yarnpkg.com/pako/-/pako-0.2.9.tgz#f3f7522f4ef782348da8161bad9ecfd51bf83a75"

qs@^6.2.0:
  version "6.3.0"
  resolved "https://registry.yarnpkg.com/qs/-/qs-6.3.0.tgz#f403b264f23bc01228c74131b407f18d5ea5d442"
